
Microsoft Visual Studio Solution File, Format Version 12.00
# Visual Studio Version 17
VisualStudioVersion = 17.7.34009.444
MinimumVisualStudioVersion = 10.0.40219.1
Project("{8BC9CEB8-8B4A-11D0-8D11-00A0C91BC942}") = "SudokuGame", "SudokuGame\SudokuGame.vcxproj", "{771A651C-2C50-4466-82A5-6507B36777E4}"
EndProject
Global
	GlobalSection(SolutionConfigurationPlatforms) = preSolution
		Debug|x64 = Debug|x64
		Debug|x86 = Debug|x86
		Release|x64 = Release|x64
		Release|x86 = Release|x86
	EndGlobalSection
	GlobalSection(ProjectConfigurationPlatforms) = postSolution
		{771A651C-2C50-4466-82A5-6507B36777E4}.Debug|x64.ActiveCfg = Debug|x64
		{771A651C-2C50-4466-82A5-6507B36777E4}.Debug|x64.Build.0 = Debug|x64
		{771A651C-2C50-4466-82A5-6507B36777E4}.Debug|x86.ActiveCfg = Debug|Win32
		{771A651C-2C50-4466-82A5-6507B36777E4}.Debug|x86.Build.0 = Debug|Win32
		{771A651C-2C50-4466-82A5-6507B36777E4}.Release|x64.ActiveCfg = Release|x64
		{771A651C-2C50-4466-82A5-6507B36777E4}.Release|x64.Build.0 = Release|x64
		{771A651C-2C50-4466-82A5-6507B36777E4}.Release|x86.ActiveCfg = Release|Win32
		{771A651C-2C50-4466-82A5-6507B36777E4}.Release|x86.Build.0 = Release|Win32
	EndGlobalSection
	GlobalSection(SolutionProperties) = preSolution
		HideSolutionNode = FALSE
	EndGlobalSection
	GlobalSection(ExtensibilityGlobals) = postSolution
		SolutionGuid = {01AA075F-6A76-4BB1-8609-18E024AEB60C}
	EndGlobalSection
EndGlobal
